#MicroXplorer Configuration settings - do not modify
Mcu.Family=STM32L0
RCC.MSI_VALUE=2097000
ProjectManager.MainLocation=Core/Src
PC15-OSC32_OUT.Mode=LSE-External-Oscillator
RCC.USART1Freq_Value=2097000
ProjectManager.ProjectFileName=srf05.ioc
TIM2.Channel-Input_Capture1_from_TI2=TIM_CHANNEL_1
ProjectManager.KeepUserCode=true
Mcu.UserName=STM32L073RZTx
Mcu.PinsNb=11
ProjectManager.NoMain=false
RCC.PLLCLKFreq_Value=24000000
RCC.LPUARTFreq_Value=2097000
ProjectManager.functionlistsort=1-MX_GPIO_Init-GPIO-false-HAL-true,2-SystemClock_Config-RCC-false-HAL-true,3-MX_TIM2_Init-TIM2-false-HAL-true
RCC.RTCFreq_Value=37000
ProjectManager.DefaultFWLocation=true
RCC.USART2Freq_Value=2097000
NVIC.SVC_IRQn=true\:0\:0\:false\:false\:true\:false\:false
ProjectManager.DeletePrevious=true
PB10.Locked=true
PC14-OSC32_IN.Signal=RCC_OSC32_IN
PB13.Signal=RCC_MCO
RCC.48CLKFreq_Value=24000000
PinOutPanel.RotationAngle=0
RCC.FamilyName=M
ProjectManager.StackSize=0x400
RCC.WatchDogFreq_Value=37000
RCC.I2C3Freq_Value=2097000
PA13.Signal=SYS_SWDIO
RCC.HSI16_VALUE=16000000
Mcu.IP2=SYS
Mcu.IP3=TIM2
SH.S_TIM2_CH2.0=TIM2_CH2,Input_Capture2_from_TI2
Mcu.IP0=NVIC
Mcu.IP1=RCC
Mcu.UserConstants=
SH.S_TIM2_CH2.1=TIM2_CH2,Input_Capture1_from_TI2
ProjectManager.TargetToolchain=Makefile
Mcu.ThirdPartyNb=0
Mcu.IPNb=4
TIM2.IPParameters=Channel-Input_Capture2_from_TI2,Channel-Input_Capture1_from_TI2
ProjectManager.PreviousToolchain=
RCC.APB2TimFreq_Value=2097000
SH.S_TIM2_CH2.ConfNb=2
PB5.Locked=true
Mcu.Pin6=PA14
Mcu.Pin7=PB3
VP_TIM2_VS_ClockSourceINT.Signal=TIM2_VS_ClockSourceINT
Mcu.Pin8=PB5
Mcu.Pin9=VP_SYS_VS_Systick
PC15-OSC32_OUT.Signal=RCC_OSC32_OUT
RCC.AHBFreq_Value=2097000
Mcu.Pin0=PC14-OSC32_IN
Mcu.Pin1=PC15-OSC32_OUT
GPIO.groupedBy=Group By Peripherals
Mcu.Pin2=PA2
PB10.Signal=GPIO_Output
Mcu.Pin3=PB10
Mcu.Pin4=PB13
Mcu.Pin5=PA13
ProjectManager.ProjectBuild=false
RCC.HSE_VALUE=8000000
board=custom
RCC.VCOOutputFreq_Value=48000000
NVIC.SysTick_IRQn=true\:0\:0\:false\:false\:true\:false\:true
ProjectManager.LastFirmware=true
ProjectManager.FirmwarePackage=STM32Cube FW_L0 V1.11.2
MxDb.Version=DB.5.0.60
RCC.APB2Freq_Value=2097000
ProjectManager.BackupPrevious=false
MxCube.Version=5.6.0
PC14-OSC32_IN.Mode=LSE-External-Oscillator
VP_TIM2_VS_ClockSourceINT.Mode=Internal
RCC.I2C1Freq_Value=2097000
PA14.Mode=Serial_Wire
RCC.LCDFreq_Value=37000
File.Version=6
VP_SYS_VS_Systick.Mode=SysTick
NVIC.NonMaskableInt_IRQn=true\:0\:0\:false\:false\:true\:false\:false
NVIC.PendSV_IRQn=true\:0\:0\:false\:false\:true\:false\:false
PA13.Mode=Serial_Wire
ProjectManager.FreePins=false
RCC.IPParameters=48CLKFreq_Value,AHBFreq_Value,APB1Freq_Value,APB1TimFreq_Value,APB2Freq_Value,APB2TimFreq_Value,FamilyName,HSE_VALUE,HSI16_VALUE,HSI48_VALUE,HSI_VALUE,I2C1Freq_Value,I2C3Freq_Value,LCDFreq_Value,LPTIMFreq_Value,LPUARTFreq_Value,LSI_VALUE,MSI_VALUE,PLLCLKFreq_Value,PWRFreq_Value,RTCFreq_Value,RTCHSEDivFreq_Value,SYSCLKFreq_VALUE,TIMFreq_Value,USART1Freq_Value,USART2Freq_Value,VCOOutputFreq_Value,WatchDogFreq_Value
ProjectManager.AskForMigrate=true
Mcu.Name=STM32L073R(B-Z)Tx
ProjectManager.HalAssertFull=false
RCC.RTCHSEDivFreq_Value=4000000
PA2.Signal=GPIO_Output
ProjectManager.ProjectName=srf05
ProjectManager.UnderRoot=false
ProjectManager.CoupleFile=true
PB3.Signal=S_TIM2_CH2
RCC.SYSCLKFreq_VALUE=2097000
Mcu.Package=LQFP64
PB5.Signal=GPIO_Output
NVIC.ForceEnableDMAVector=true
KeepUserPlacement=false
ProjectManager.CompilerOptimize=6
TIM2.Channel-Input_Capture2_from_TI2=TIM_CHANNEL_2
ProjectManager.ToolChainLocation=
RCC.LSI_VALUE=37000
VP_SYS_VS_Systick.Signal=SYS_VS_Systick
PA14.Signal=SYS_SWCLK
ProjectManager.HeapSize=0x200
NVIC.HardFault_IRQn=true\:0\:0\:false\:false\:true\:false\:false
ProjectManager.ComputerToolchain=false
RCC.HSI_VALUE=16000000
Mcu.Pin10=VP_TIM2_VS_ClockSourceINT
RCC.APB1TimFreq_Value=2097000
RCC.PWRFreq_Value=2097000
PB13.Mode=Clock-out
RCC.APB1Freq_Value=2097000
ProjectManager.CustomerFirmwarePackage=
ProjectManager.DeviceId=STM32L073RZTx
ProjectManager.LibraryCopy=0
RCC.HSI48_VALUE=48000000
RCC.LPTIMFreq_Value=2097000
PB3.Locked=true
RCC.TIMFreq_Value=2097000
PA2.Locked=true
